
Microsoft Visual Studio Solution File, Format Version 12.00
# Visual Studio 14
VisualStudioVersion = 14.0.25420.1
MinimumVisualStudioVersion = 10.0.40219.1
Project("{FAE04EC0-301F-11D3-BF4B-00C04F79EFBC}") = "BankingSystemHost", "BankingSystemHost\BankingSystemHost.csproj", "{1037B1A6-301A-4D04-9457-02046C3933B6}"
EndProject
Project("{FAE04EC0-301F-11D3-BF4B-00C04F79EFBC}") = "SBTSserver", "SBTSserver\SBTSserver.csproj", "{0C197751-1A39-4692-8EA9-1E6530B10643}"
EndProject
Global
	GlobalSection(SolutionConfigurationPlatforms) = preSolution
		Amulet|Any CPU = Amulet|Any CPU
		Amulet|x64 = Amulet|x64
		Amulet|x86 = Amulet|x86
		Debug|Any CPU = Debug|Any CPU
		Debug|x64 = Debug|x64
		Debug|x86 = Debug|x86
		Release|Any CPU = Release|Any CPU
		Release|x64 = Release|x64
		Release|x86 = Release|x86
	EndGlobalSection
	GlobalSection(ProjectConfigurationPlatforms) = postSolution
		{1037B1A6-301A-4D04-9457-02046C3933B6}.Amulet|Any CPU.ActiveCfg = Amulet|x86
		{1037B1A6-301A-4D04-9457-02046C3933B6}.Amulet|x64.ActiveCfg = Amulet|x86
		{1037B1A6-301A-4D04-9457-02046C3933B6}.Amulet|x86.ActiveCfg = Amulet|x86
		{1037B1A6-301A-4D04-9457-02046C3933B6}.Amulet|x86.Build.0 = Amulet|x86
		{1037B1A6-301A-4D04-9457-02046C3933B6}.Debug|Any CPU.ActiveCfg = Debug|x86
		{1037B1A6-301A-4D04-9457-02046C3933B6}.Debug|x64.ActiveCfg = Debug|x86
		{1037B1A6-301A-4D04-9457-02046C3933B6}.Debug|x86.ActiveCfg = Debug|x86
		{1037B1A6-301A-4D04-9457-02046C3933B6}.Debug|x86.Build.0 = Debug|x86
		{1037B1A6-301A-4D04-9457-02046C3933B6}.Release|Any CPU.ActiveCfg = Release|x86
		{1037B1A6-301A-4D04-9457-02046C3933B6}.Release|x64.ActiveCfg = Release|x86
		{1037B1A6-301A-4D04-9457-02046C3933B6}.Release|x86.ActiveCfg = Release|x86
		{1037B1A6-301A-4D04-9457-02046C3933B6}.Release|x86.Build.0 = Release|x86
		{0C197751-1A39-4692-8EA9-1E6530B10643}.Amulet|Any CPU.ActiveCfg = Release|Any CPU
		{0C197751-1A39-4692-8EA9-1E6530B10643}.Amulet|Any CPU.Build.0 = Release|Any CPU
		{0C197751-1A39-4692-8EA9-1E6530B10643}.Amulet|x64.ActiveCfg = Release|Any CPU
		{0C197751-1A39-4692-8EA9-1E6530B10643}.Amulet|x64.Build.0 = Release|Any CPU
		{0C197751-1A39-4692-8EA9-1E6530B10643}.Amulet|x86.ActiveCfg = Release|Any CPU
		{0C197751-1A39-4692-8EA9-1E6530B10643}.Amulet|x86.Build.0 = Release|Any CPU
		{0C197751-1A39-4692-8EA9-1E6530B10643}.Debug|Any CPU.ActiveCfg = Debug|Any CPU
		{0C197751-1A39-4692-8EA9-1E6530B10643}.Debug|Any CPU.Build.0 = Debug|Any CPU
		{0C197751-1A39-4692-8EA9-1E6530B10643}.Debug|x64.ActiveCfg = Debug|Any CPU
		{0C197751-1A39-4692-8EA9-1E6530B10643}.Debug|x64.Build.0 = Debug|Any CPU
		{0C197751-1A39-4692-8EA9-1E6530B10643}.Debug|x86.ActiveCfg = Debug|Any CPU
		{0C197751-1A39-4692-8EA9-1E6530B10643}.Debug|x86.Build.0 = Debug|Any CPU
		{0C197751-1A39-4692-8EA9-1E6530B10643}.Release|Any CPU.ActiveCfg = Release|Any CPU
		{0C197751-1A39-4692-8EA9-1E6530B10643}.Release|Any CPU.Build.0 = Release|Any CPU
		{0C197751-1A39-4692-8EA9-1E6530B10643}.Release|x64.ActiveCfg = Release|Any CPU
		{0C197751-1A39-4692-8EA9-1E6530B10643}.Release|x64.Build.0 = Release|Any CPU
		{0C197751-1A39-4692-8EA9-1E6530B10643}.Release|x86.ActiveCfg = Release|Any CPU
		{0C197751-1A39-4692-8EA9-1E6530B10643}.Release|x86.Build.0 = Release|Any CPU
	EndGlobalSection
	GlobalSection(SolutionProperties) = preSolution
		HideSolutionNode = FALSE
	EndGlobalSection
EndGlobal
